
Microsoft Visual Studio Solution File, Format Version 12.00
# Visual Studio Version 17
VisualStudioVersion = 17.10.34928.147
MinimumVisualStudioVersion = 10.0.40219.1
Project("{FAE04EC0-301F-11D3-BF4B-00C04F79EFBC}") = "Weather++", "Weather++\Weather++.csproj", "{DF8F166C-12F0-484C-80D9-D6EDA530F065}"
EndProject
Global
	GlobalSection(SolutionConfigurationPlatforms) = preSolution
		Debug|Any CPU = Debug|Any CPU
		Release|Any CPU = Release|Any CPU
	EndGlobalSection
	GlobalSection(ProjectConfigurationPlatforms) = postSolution
		{DF8F166C-12F0-484C-80D9-D6EDA530F065}.Debug|Any CPU.ActiveCfg = Debug|Any CPU
		{DF8F166C-12F0-484C-80D9-D6EDA530F065}.Debug|Any CPU.Build.0 = Debug|Any CPU
		{DF8F166C-12F0-484C-80D9-D6EDA530F065}.Debug|Any CPU.Deploy.0 = Debug|Any CPU
		{DF8F166C-12F0-484C-80D9-D6EDA530F065}.Release|Any CPU.ActiveCfg = Release|Any CPU
		{DF8F166C-12F0-484C-80D9-D6EDA530F065}.Release|Any CPU.Build.0 = Release|Any CPU
		{DF8F166C-12F0-484C-80D9-D6EDA530F065}.Release|Any CPU.Deploy.0 = Release|Any CPU
	EndGlobalSection
	GlobalSection(SolutionProperties) = preSolution
		HideSolutionNode = FALSE
	EndGlobalSection
	GlobalSection(ExtensibilityGlobals) = postSolution
		SolutionGuid = {6077AB81-3323-4C64-A8D1-6CCBA2E3A2EB}
	EndGlobalSection
EndGlobal
